
Microsoft Visual Studio Solution File, Format Version 12.00
# Visual Studio Version 17
VisualStudioVersion = 17.1.32210.238
MinimumVisualStudioVersion = 10.0.40219.1
Project("{FAE04EC0-301F-11D3-BF4B-00C04F79EFBC}") = "AwesomeApp.Android", "AwesomeApp\AwesomeApp.Android\AwesomeApp.Android.csproj", "{3EE2FA1C-4524-48FD-BDDD-095FACB34212}"
EndProject
Project("{FAE04EC0-301F-11D3-BF4B-00C04F79EFBC}") = "AwesomeApp.iOS", "AwesomeApp\AwesomeApp.iOS\AwesomeApp.iOS.csproj", "{62EF7508-4D86-48B4-A0B1-871D4227B543}"
EndProject
Project("{FAE04EC0-301F-11D3-BF4B-00C04F79EFBC}") = "AwesomeApp", "AwesomeApp\AwesomeApp\AwesomeApp.csproj", "{D14FE954-D25E-4282-BF85-D72036A0773B}"
EndProject
Global
	GlobalSection(SolutionConfigurationPlatforms) = preSolution
		Debug|Any CPU = Debug|Any CPU
		Debug|iPhone = Debug|iPhone
		Debug|iPhoneSimulator = Debug|iPhoneSimulator
		Release|Any CPU = Release|Any CPU
		Release|iPhone = Release|iPhone
		Release|iPhoneSimulator = Release|iPhoneSimulator
	EndGlobalSection
	GlobalSection(ProjectConfigurationPlatforms) = postSolution
		{3EE2FA1C-4524-48FD-BDDD-095FACB34212}.Debug|Any CPU.ActiveCfg = Debug|Any CPU
		{3EE2FA1C-4524-48FD-BDDD-095FACB34212}.Debug|Any CPU.Build.0 = Debug|Any CPU
		{3EE2FA1C-4524-48FD-BDDD-095FACB34212}.Debug|Any CPU.Deploy.0 = Debug|Any CPU
		{3EE2FA1C-4524-48FD-BDDD-095FACB34212}.Debug|iPhone.ActiveCfg = Debug|Any CPU
		{3EE2FA1C-4524-48FD-BDDD-095FACB34212}.Debug|iPhone.Build.0 = Debug|Any CPU
		{3EE2FA1C-4524-48FD-BDDD-095FACB34212}.Debug|iPhone.Deploy.0 = Debug|Any CPU
		{3EE2FA1C-4524-48FD-BDDD-095FACB34212}.Debug|iPhoneSimulator.ActiveCfg = Debug|Any CPU
		{3EE2FA1C-4524-48FD-BDDD-095FACB34212}.Debug|iPhoneSimulator.Build.0 = Debug|Any CPU
		{3EE2FA1C-4524-48FD-BDDD-095FACB34212}.Debug|iPhoneSimulator.Deploy.0 = Debug|Any CPU
		{3EE2FA1C-4524-48FD-BDDD-095FACB34212}.Release|Any CPU.ActiveCfg = Release|Any CPU
		{3EE2FA1C-4524-48FD-BDDD-095FACB34212}.Release|Any CPU.Build.0 = Release|Any CPU
		{3EE2FA1C-4524-48FD-BDDD-095FACB34212}.Release|Any CPU.Deploy.0 = Release|Any CPU
		{3EE2FA1C-4524-48FD-BDDD-095FACB34212}.Release|iPhone.ActiveCfg = Release|Any CPU
		{3EE2FA1C-4524-48FD-BDDD-095FACB34212}.Release|iPhone.Build.0 = Release|Any CPU
		{3EE2FA1C-4524-48FD-BDDD-095FACB34212}.Release|iPhone.Deploy.0 = Release|Any CPU
		{3EE2FA1C-4524-48FD-BDDD-095FACB34212}.Release|iPhoneSimulator.ActiveCfg = Release|Any CPU
		{3EE2FA1C-4524-48FD-BDDD-095FACB34212}.Release|iPhoneSimulator.Build.0 = Release|Any CPU
		{3EE2FA1C-4524-48FD-BDDD-095FACB34212}.Release|iPhoneSimulator.Deploy.0 = Release|Any CPU
		{62EF7508-4D86-48B4-A0B1-871D4227B543}.Debug|Any CPU.ActiveCfg = Debug|iPhone
		{62EF7508-4D86-48B4-A0B1-871D4227B543}.Debug|Any CPU.Build.0 = Debug|iPhone
		{62EF7508-4D86-48B4-A0B1-871D4227B543}.Debug|Any CPU.Deploy.0 = Debug|iPhone
		{62EF7508-4D86-48B4-A0B1-871D4227B543}.Debug|iPhone.ActiveCfg = Debug|iPhone
		{62EF7508-4D86-48B4-A0B1-871D4227B543}.Debug|iPhone.Build.0 = Debug|iPhone
		{62EF7508-4D86-48B4-A0B1-871D4227B543}.Debug|iPhone.Deploy.0 = Debug|iPhone
		{62EF7508-4D86-48B4-A0B1-871D4227B543}.Debug|iPhoneSimulator.ActiveCfg = Debug|iPhoneSimulator
		{62EF7508-4D86-48B4-A0B1-871D4227B543}.Debug|iPhoneSimulator.Build.0 = Debug|iPhoneSimulator
		{62EF7508-4D86-48B4-A0B1-871D4227B543}.Debug|iPhoneSimulator.Deploy.0 = Debug|iPhoneSimulator
		{62EF7508-4D86-48B4-A0B1-871D4227B543}.Release|Any CPU.ActiveCfg = Release|iPhoneSimulator
		{62EF7508-4D86-48B4-A0B1-871D4227B543}.Release|Any CPU.Build.0 = Release|iPhoneSimulator
		{62EF7508-4D86-48B4-A0B1-871D4227B543}.Release|Any CPU.Deploy.0 = Release|iPhoneSimulator
		{62EF7508-4D86-48B4-A0B1-871D4227B543}.Release|iPhone.ActiveCfg = Release|iPhone
		{62EF7508-4D86-48B4-A0B1-871D4227B543}.Release|iPhone.Build.0 = Release|iPhone
		{62EF7508-4D86-48B4-A0B1-871D4227B543}.Release|iPhone.Deploy.0 = Release|iPhone
		{62EF7508-4D86-48B4-A0B1-871D4227B543}.Release|iPhoneSimulator.ActiveCfg = Release|iPhoneSimulator
		{62EF7508-4D86-48B4-A0B1-871D4227B543}.Release|iPhoneSimulator.Build.0 = Release|iPhoneSimulator
		{62EF7508-4D86-48B4-A0B1-871D4227B543}.Release|iPhoneSimulator.Deploy.0 = Release|iPhoneSimulator
		{D14FE954-D25E-4282-BF85-D72036A0773B}.Debug|Any CPU.ActiveCfg = Debug|Any CPU
		{D14FE954-D25E-4282-BF85-D72036A0773B}.Debug|Any CPU.Build.0 = Debug|Any CPU
		{D14FE954-D25E-4282-BF85-D72036A0773B}.Debug|Any CPU.Deploy.0 = Debug|Any CPU
		{D14FE954-D25E-4282-BF85-D72036A0773B}.Debug|iPhone.ActiveCfg = Debug|Any CPU
		{D14FE954-D25E-4282-BF85-D72036A0773B}.Debug|iPhone.Build.0 = Debug|Any CPU
		{D14FE954-D25E-4282-BF85-D72036A0773B}.Debug|iPhone.Deploy.0 = Debug|Any CPU
		{D14FE954-D25E-4282-BF85-D72036A0773B}.Debug|iPhoneSimulator.ActiveCfg = Debug|Any CPU
		{D14FE954-D25E-4282-BF85-D72036A0773B}.Debug|iPhoneSimulator.Build.0 = Debug|Any CPU
		{D14FE954-D25E-4282-BF85-D72036A0773B}.Debug|iPhoneSimulator.Deploy.0 = Debug|Any CPU
		{D14FE954-D25E-4282-BF85-D72036A0773B}.Release|Any CPU.ActiveCfg = Release|Any CPU
		{D14FE954-D25E-4282-BF85-D72036A0773B}.Release|Any CPU.Build.0 = Release|Any CPU
		{D14FE954-D25E-4282-BF85-D72036A0773B}.Release|Any CPU.Deploy.0 = Release|Any CPU
		{D14FE954-D25E-4282-BF85-D72036A0773B}.Release|iPhone.ActiveCfg = Release|Any CPU
		{D14FE954-D25E-4282-BF85-D72036A0773B}.Release|iPhone.Build.0 = Release|Any CPU
		{D14FE954-D25E-4282-BF85-D72036A0773B}.Release|iPhone.Deploy.0 = Release|Any CPU
		{D14FE954-D25E-4282-BF85-D72036A0773B}.Release|iPhoneSimulator.ActiveCfg = Release|Any CPU
		{D14FE954-D25E-4282-BF85-D72036A0773B}.Release|iPhoneSimulator.Build.0 = Release|Any CPU
		{D14FE954-D25E-4282-BF85-D72036A0773B}.Release|iPhoneSimulator.Deploy.0 = Release|Any CPU
	EndGlobalSection
	GlobalSection(SolutionProperties) = preSolution
		HideSolutionNode = FALSE
	EndGlobalSection
	GlobalSection(ExtensibilityGlobals) = postSolution
		SolutionGuid = {311BC6FF-C02C-4B59-9ED6-AF1D2DBBFF93}
	EndGlobalSection
EndGlobal
